
Microsoft Visual Studio Solution File, Format Version 12.00
# Visual Studio Version 17
VisualStudioVersion = 17.7.34018.315
MinimumVisualStudioVersion = 10.0.40219.1
Project("{FAE04EC0-301F-11D3-BF4B-00C04F79EFBC}") = "HelloWorld2", "HelloWorld2\HelloWorld2.csproj", "{46C74029-61B0-493E-9B33-9CE785E77E5B}"
EndProject
Global
	GlobalSection(SolutionConfigurationPlatforms) = preSolution
		Debug|Any CPU = Debug|Any CPU
		Release|Any CPU = Release|Any CPU
	EndGlobalSection
	GlobalSection(ProjectConfigurationPlatforms) = postSolution
		{46C74029-61B0-493E-9B33-9CE785E77E5B}.Debug|Any CPU.ActiveCfg = Debug|Any CPU
		{46C74029-61B0-493E-9B33-9CE785E77E5B}.Debug|Any CPU.Build.0 = Debug|Any CPU
		{46C74029-61B0-493E-9B33-9CE785E77E5B}.Release|Any CPU.ActiveCfg = Release|Any CPU
		{46C74029-61B0-493E-9B33-9CE785E77E5B}.Release|Any CPU.Build.0 = Release|Any CPU
	EndGlobalSection
	GlobalSection(SolutionProperties) = preSolution
		HideSolutionNode = FALSE
	EndGlobalSection
	GlobalSection(ExtensibilityGlobals) = postSolution
		SolutionGuid = {5F4713D8-5E3B-4490-914C-FB00F1069ADA}
	EndGlobalSection
EndGlobal
